// !$*UTF8*$!
{
	archiveVersion = 1;
	classes = {
	};
	objectVersion = 50;
	objects = {

/* Begin PBXBuildFile section */
		703D338B25A16D7700F50421 /* AppDelegate.swift in Sources */ = {isa = PBXBuildFile; fileRef = 703D338A25A16D7700F50421 /* AppDelegate.swift */; };
		703D338D25A16D7700F50421 /* SceneDelegate.swift in Sources */ = {isa = PBXBuildFile; fileRef = 703D338C25A16D7700F50421 /* SceneDelegate.swift */; };
		703D338F25A16D7700F50421 /* ViewController.swift in Sources */ = {isa = PBXBuildFile; fileRef = 703D338E25A16D7700F50421 /* ViewController.swift */; };
		703D339225A16D7700F50421 /* Main.storyboard in Resources */ = {isa = PBXBuildFile; fileRef = 703D339025A16D7700F50421 /* Main.storyboard */; };
		703D339425A16D7800F50421 /* Assets.xcassets in Resources */ = {isa = PBXBuildFile; fileRef = 703D339325A16D7800F50421 /* Assets.xcassets */; };
		703D339725A16D7800F50421 /* LaunchScreen.storyboard in Resources */ = {isa = PBXBuildFile; fileRef = 703D339525A16D7800F50421 /* LaunchScreen.storyboard */; };
		703D33A225A16D7900F50421 /* MemeMakerTests.swift in Sources */ = {isa = PBXBuildFile; fileRef = 703D33A125A16D7900F50421 /* MemeMakerTests.swift */; };
		703D33AD25A16D7900F50421 /* MemeMakerUITests.swift in Sources */ = {isa = PBXBuildFile; fileRef = 703D33AC25A16D7900F50421 /* MemeMakerUITests.swift */; };
		704CE15F25A1B66C003BA107 /* CaptionChoice.swift in Sources */ = {isa = PBXBuildFile; fileRef = 704CE15E25A1B66C003BA107 /* CaptionChoice.swift */; };
/* End PBXBuildFile section */

/* Begin PBXContainerItemProxy section */
		703D339E25A16D7900F50421 /* PBXContainerItemProxy */ = {
			isa = PBXContainerItemProxy;
			containerPortal = 703D337F25A16D7700F50421 /* Project object */;
			proxyType = 1;
			remoteGlobalIDString = 703D338625A16D7700F50421;
			remoteInfo = MemeMaker;
		};
		703D33A925A16D7900F50421 /* PBXContainerItemProxy */ = {
			isa = PBXContainerItemProxy;
			containerPortal = 703D337F25A16D7700F50421 /* Project object */;
			proxyType = 1;
			remoteGlobalIDString = 703D338625A16D7700F50421;
			remoteInfo = MemeMaker;
		};
/* End PBXContainerItemProxy section */

/* Begin PBXFileReference section */
		703D338725A16D7700F50421 /* MemeMaker.app */ = {isa = PBXFileReference; explicitFileType = wrapper.application; includeInIndex = 0; path = MemeMaker.app; sourceTree = BUILT_PRODUCTS_DIR; };
		703D338A25A16D7700F50421 /* AppDelegate.swift */ = {isa = PBXFileReference; lastKnownFileType = sourcecode.swift; path = AppDelegate.swift; sourceTree = "<group>"; };
		703D338C25A16D7700F50421 /* SceneDelegate.swift */ = {isa = PBXFileReference; lastKnownFileType = sourcecode.swift; path = SceneDelegate.swift; sourceTree = "<group>"; };
		703D338E25A16D7700F50421 /* ViewController.swift */ = {isa = PBXFileReference; lastKnownFileType = sourcecode.swift; path = ViewController.swift; sourceTree = "<group>"; };
		703D339125A16D7700F50421 /* Base */ = {isa = PBXFileReference; lastKnownFileType = file.storyboard; name = Base; path = Base.lproj/Main.storyboard; sourceTree = "<group>"; };
		703D339325A16D7800F50421 /* Assets.xcassets */ = {isa = PBXFileReference; lastKnownFileType = folder.assetcatalog; path = Assets.xcassets; sourceTree = "<group>"; };
		703D339625A16D7800F50421 /* Base */ = {isa = PBXFileReference; lastKnownFileType = file.storyboard; name = Base; path = Base.lproj/LaunchScreen.storyboard; sourceTree = "<group>"; };
		703D339825A16D7800F50421 /* Info.plist */ = {isa = PBXFileReference; lastKnownFileType = text.plist.xml; path = Info.plist; sourceTree = "<group>"; };
		703D339D25A16D7900F50421 /* MemeMakerTests.xctest */ = {isa = PBXFileReference; explicitFileType = wrapper.cfbundle; includeInIndex = 0; path = MemeMakerTests.xctest; sourceTree = BUILT_PRODUCTS_DIR; };
		703D33A125A16D7900F50421 /* MemeMakerTests.swift */ = {isa = PBXFileReference; lastKnownFileType = sourcecode.swift; path = MemeMakerTests.swift; sourceTree = "<group>"; };
		703D33A325A16D7900F50421 /* Info.plist */ = {isa = PBXFileReference; lastKnownFileType = text.plist.xml; path = Info.plist; sourceTree = "<group>"; };
		703D33A825A16D7900F50421 /* MemeMakerUITests.xctest */ = {isa = PBXFileReference; explicitFileType = wrapper.cfbundle; includeInIndex = 0; path = MemeMakerUITests.xctest; sourceTree = BUILT_PRODUCTS_DIR; };
		703D33AC25A16D7900F50421 /* MemeMakerUITests.swift */ = {isa = PBXFileReference; lastKnownFileType = sourcecode.swift; path = MemeMakerUITests.swift; sourceTree = "<group>"; };
		703D33AE25A16D7900F50421 /* Info.plist */ = {isa = PBXFileReference; lastKnownFileType = text.plist.xml; path = Info.plist; sourceTree = "<group>"; };
		704CE15E25A1B66C003BA107 /* CaptionChoice.swift */ = {isa = PBXFileReference; lastKnownFileType = sourcecode.swift; path = CaptionChoice.swift; sourceTree = "<group>"; };
/* End PBXFileReference section */

/* Begin PBXFrameworksBuildPhase section */
		703D338425A16D7700F50421 /* Frameworks */ = {
			isa = PBXFrameworksBuildPhase;
			buildActionMask = 2147483647;
			files = (
			);
			runOnlyForDeploymentPostprocessing = 0;
		};
		703D339A25A16D7900F50421 /* Frameworks */ = {
			isa = PBXFrameworksBuildPhase;
			buildActionMask = 2147483647;
			files = (
			);
			runOnlyForDeploymentPostprocessing = 0;
		};
		703D33A525A16D7900F50421 /* Frameworks */ = {
			isa = PBXFrameworksBuildPhase;
			buildActionMask = 2147483647;
			files = (
			);
			runOnlyForDeploymentPostprocessing = 0;
		};
/* End PBXFrameworksBuildPhase section */

/* Begin PBXGroup section */
		703D337E25A16D7700F50421 = {
			isa = PBXGroup;
			children = (
				703D338925A16D7700F50421 /* MemeMaker */,
				703D33A025A16D7900F50421 /* MemeMakerTests */,
				703D33AB25A16D7900F50421 /* MemeMakerUITests */,
				703D338825A16D7700F50421 /* Products */,
			);
			sourceTree = "<group>";
		};
		703D338825A16D7700F50421 /* Products */ = {
			isa = PBXGroup;
			children = (
				703D338725A16D7700F50421 /* MemeMaker.app */,
				703D339D25A16D7900F50421 /* MemeMakerTests.xctest */,
				703D33A825A16D7900F50421 /* MemeMakerUITests.xctest */,
			);
			name = Products;
			sourceTree = "<group>";
		};
		703D338925A16D7700F50421 /* MemeMaker */ = {
			isa = PBXGroup;
			children = (
				703D338A25A16D7700F50421 /* AppDelegate.swift */,
				703D338C25A16D7700F50421 /* SceneDelegate.swift */,
				703D338E25A16D7700F50421 /* ViewController.swift */,
				703D339025A16D7700F50421 /* Main.storyboard */,
				704CE15E25A1B66C003BA107 /* CaptionChoice.swift */,
				703D339325A16D7800F50421 /* Assets.xcassets */,
				703D339525A16D7800F50421 /* LaunchScreen.storyboard */,
				703D339825A16D7800F50421 /* Info.plist */,
			);
			path = MemeMaker;
			sourceTree = "<group>";
		};
		703D33A025A16D7900F50421 /* MemeMakerTests */ = {
			isa = PBXGroup;
			children = (
				703D33A125A16D7900F50421 /* MemeMakerTests.swift */,
				703D33A325A16D7900F50421 /* Info.plist */,
			);
			path = MemeMakerTests;
			sourceTree = "<group>";
		};
		703D33AB25A16D7900F50421 /* MemeMakerUITests */ = {
			isa = PBXGroup;
			children = (
				703D33AC25A16D7900F50421 /* MemeMakerUITests.swift */,
				703D33AE25A16D7900F50421 /* Info.plist */,
			);
			path = MemeMakerUITests;
			sourceTree = "<group>";
		};
/* End PBXGroup section */

/* Begin PBXNativeTarget section */
		703D338625A16D7700F50421 /* MemeMaker */ = {
			isa = PBXNativeTarget;
			buildConfigurationList = 703D33B125A16D7900F50421 /* Build configuration list for PBXNativeTarget "MemeMaker" */;
			buildPhases = (
				703D338325A16D7700F50421 /* Sources */,
				703D338425A16D7700F50421 /* Frameworks */,
				703D338525A16D7700F50421 /* Resources */,
			);
			buildRules = (
			);
			dependencies = (
			);
			name = MemeMaker;
			productName = MemeMaker;
			productReference = 703D338725A16D7700F50421 /* MemeMaker.app */;
			productType = "com.apple.product-type.application";
		};
		703D339C25A16D7900F50421 /* MemeMakerTests */ = {
			isa = PBXNativeTarget;
			buildConfigurationList = 703D33B425A16D7900F50421 /* Build configuration list for PBXNativeTarget "MemeMakerTests" */;
			buildPhases = (
				703D339925A16D7900F50421 /* Sources */,
				703D339A25A16D7900F50421 /* Frameworks */,
				703D339B25A16D7900F50421 /* Resources */,
			);
			buildRules = (
			);
			dependencies = (
				703D339F25A16D7900F50421 /* PBXTargetDependency */,
			);
			name = MemeMakerTests;
			productName = MemeMakerTests;
			productReference = 703D339D25A16D7900F50421 /* MemeMakerTests.xctest */;
			productType = "com.apple.product-type.bundle.unit-test";
		};
		703D33A725A16D7900F50421 /* MemeMakerUITests */ = {
			isa = PBXNativeTarget;
			buildConfigurationList = 703D33B725A16D7900F50421 /* Build configuration list for PBXNativeTarget "MemeMakerUITests" */;
			buildPhases = (
				703D33A425A16D7900F50421 /* Sources */,
				703D33A525A16D7900F50421 /* Frameworks */,
				703D33A625A16D7900F50421 /* Resources */,
			);
			buildRules = (
			);
			dependencies = (
				703D33AA25A16D7900F50421 /* PBXTargetDependency */,
			);
			name = MemeMakerUITests;
			productName = MemeMakerUITests;
			productReference = 703D33A825A16D7900F50421 /* MemeMakerUITests.xctest */;
			productType = "com.apple.product-type.bundle.ui-testing";
		};
/* End PBXNativeTarget section */

/* Begin PBXProject section */
		703D337F25A16D7700F50421 /* Project object */ = {
			isa = PBXProject;
			attributes = {
				LastSwiftUpdateCheck = 1230;
				LastUpgradeCheck = 1230;
				TargetAttributes = {
					703D338625A16D7700F50421 = {
						CreatedOnToolsVersion = 12.3;
					};
					703D339C25A16D7900F50421 = {
						CreatedOnToolsVersion = 12.3;
						TestTargetID = 703D338625A16D7700F50421;
					};
					703D33A725A16D7900F50421 = {
						CreatedOnToolsVersion = 12.3;
						TestTargetID = 703D338625A16D7700F50421;
					};
				};
			};
			buildConfigurationList = 703D338225A16D7700F50421 /* Build configuration list for PBXProject "MemeMaker" */;
			compatibilityVersion = "Xcode 9.3";
			developmentRegion = en;
			hasScannedForEncodings = 0;
			knownRegions = (
				en,
				Base,
			);
			mainGroup = 703D337E25A16D7700F50421;
			productRefGroup = 703D338825A16D7700F50421 /* Products */;
			projectDirPath = "";
			projectRoot = "";
			targets = (
				703D338625A16D7700F50421 /* MemeMaker */,
				703D339C25A16D7900F50421 /* MemeMakerTests */,
				703D33A725A16D7900F50421 /* MemeMakerUITests */,
			);
		};
/* End PBXProject section */

/* Begin PBXResourcesBuildPhase section */
		703D338525A16D7700F50421 /* Resources */ = {
			isa = PBXResourcesBuildPhase;
			buildActionMask = 2147483647;
			files = (
				703D339725A16D7800F50421 /* LaunchScreen.storyboard in Resources */,
				703D339425A16D7800F50421 /* Assets.xcassets in Resources */,
				703D339225A16D7700F50421 /* Main.storyboard in Resources */,
			);
			runOnlyForDeploymentPostprocessing = 0;
		};
		703D339B25A16D7900F50421 /* Resources */ = {
			isa = PBXResourcesBuildPhase;
			buildActionMask = 2147483647;
			files = (
			);
			runOnlyForDeploymentPostprocessing = 0;
		};
		703D33A625A16D7900F50421 /* Resources */ = {
			isa = PBXResourcesBuildPhase;
			buildActionMask = 2147483647;
			files = (
			);
			runOnlyForDeploymentPostprocessing = 0;
		};
/* End PBXResourcesBuildPhase section */

/* Begin PBXSourcesBuildPhase section */
		703D338325A16D7700F50421 /* Sources */ = {
			isa = PBXSourcesBuildPhase;
			buildActionMask = 2147483647;
			files = (
				703D338F25A16D7700F50421 /* ViewController.swift in Sources */,
				703D338B25A16D7700F50421 /* AppDelegate.swift in Sources */,
				703D338D25A16D7700F50421 /* SceneDelegate.swift in Sources */,
				704CE15F25A1B66C003BA107 /* CaptionChoice.swift in Sources */,
			);
			runOnlyForDeploymentPostprocessing = 0;
		};
		703D339925A16D7900F50421 /* Sources */ = {
			isa = PBXSourcesBuildPhase;
			buildActionMask = 2147483647;
			files = (
				703D33A225A16D7900F50421 /* MemeMakerTests.swift in Sources */,
			);
			runOnlyForDeploymentPostprocessing = 0;
		};
		703D33A425A16D7900F50421 /* Sources */ = {
			isa = PBXSourcesBuildPhase;
			buildActionMask = 2147483647;
			files = (
				703D33AD25A16D7900F50421 /* MemeMakerUITests.swift in Sources */,
			);
			runOnlyForDeploymentPostprocessing = 0;
		};
/* End PBXSourcesBuildPhase section */

/* Begin PBXTargetDependency section */
		703D339F25A16D7900F50421 /* PBXTargetDependency */ = {
			isa = PBXTargetDependency;
			target = 703D338625A16D7700F50421 /* MemeMaker */;
			targetProxy = 703D339E25A16D7900F50421 /* PBXContainerItemProxy */;
		};
		703D33AA25A16D7900F50421 /* PBXTargetDependency */ = {
			isa = PBXTargetDependency;
			target = 703D338625A16D7700F50421 /* MemeMaker */;
			targetProxy = 703D33A925A16D7900F50421 /* PBXContainerItemProxy */;
		};
/* End PBXTargetDependency section */

/* Begin PBXVariantGroup section */
		703D339025A16D7700F50421 /* Main.storyboard */ = {
			isa = PBXVariantGroup;
			children = (
				703D339125A16D7700F50421 /* Base */,
			);
			name = Main.storyboard;
			sourceTree = "<group>";
		};
		703D339525A16D7800F50421 /* LaunchScreen.storyboard */ = {
			isa = PBXVariantGroup;
			children = (
				703D339625A16D7800F50421 /* Base */,
			);
			name = LaunchScreen.storyboard;
			sourceTree = "<group>";
		};
/* End PBXVariantGroup section */

/* Begin XCBuildConfiguration section */
		703D33AF25A16D7900F50421 /* Debug */ = {
			isa = XCBuildConfiguration;
			buildSettings = {
				ALWAYS_SEARCH_USER_PATHS = NO;
				CLANG_ANALYZER_NONNULL = YES;
				CLANG_ANALYZER_NUMBER_OBJECT_CONVERSION = YES_AGGRESSIVE;
				CLANG_CXX_LANGUAGE_STANDARD = "gnu++14";
				CLANG_CXX_LIBRARY = "libc++";
				CLANG_ENABLE_MODULES = YES;
				CLANG_ENABLE_OBJC_ARC = YES;
				CLANG_ENABLE_OBJC_WEAK = YES;
				CLANG_WARN_BLOCK_CAPTURE_AUTORELEASING = YES;
				CLANG_WARN_BOOL_CONVERSION = YES;
				CLANG_WARN_COMMA = YES;
				CLANG_WARN_CONSTANT_CONVERSION = YES;
				CLANG_WARN_DEPRECATED_OBJC_IMPLEMENTATIONS = YES;
				CLANG_WARN_DIRECT_OBJC_ISA_USAGE = YES_ERROR;
				CLANG_WARN_DOCUMENTATION_COMMENTS = YES;
				CLANG_WARN_EMPTY_BODY = YES;
				CLANG_WARN_ENUM_CONVERSION = YES;
				CLANG_WARN_INFINITE_RECURSION = YES;
				CLANG_WARN_INT_CONVERSION = YES;
				CLANG_WARN_NON_LITERAL_NULL_CONVERSION = YES;
				CLANG_WARN_OBJC_IMPLICIT_RETAIN_SELF = YES;
				CLANG_WARN_OBJC_LITERAL_CONVERSION = YES;
				CLANG_WARN_OBJC_ROOT_CLASS = YES_ERROR;
				CLANG_WARN_QUOTED_INCLUDE_IN_FRAMEWORK_HEADER = YES;
				CLANG_WARN_RANGE_LOOP_ANALYSIS = YES;
				CLANG_WARN_STRICT_PROTOTYPES = YES;
				CLANG_WARN_SUSPICIOUS_MOVE = YES;
				CLANG_WARN_UNGUARDED_AVAILABILITY = YES_AGGRESSIVE;
				CLANG_WARN_UNREACHABLE_CODE = YES;
				CLANG_WARN__DUPLICATE_METHOD_MATCH = YES;
				COPY_PHASE_STRIP = NO;
				DEBUG_INFORMATION_FORMAT = dwarf;
				ENABLE_STRICT_OBJC_MSGSEND = YES;
				ENABLE_TESTABILITY = YES;
				GCC_C_LANGUAGE_STANDARD = gnu11;
				GCC_DYNAMIC_NO_PIC = NO;
				GCC_NO_COMMON_BLOCKS = YES;
				GCC_OPTIMIZATION_LEVEL = 0;
				GCC_PREPROCESSOR_DEFINITIONS = (
					"DEBUG=1",
					"$(inherited)",
				);
				GCC_WARN_64_TO_32_BIT_CONVERSION = YES;
				GCC_WARN_ABOUT_RETURN_TYPE = YES_ERROR;
				GCC_WARN_UNDECLARED_SELECTOR = YES;
				GCC_WARN_UNINITIALIZED_AUTOS = YES_AGGRESSIVE;
				GCC_WARN_UNUSED_FUNCTION = YES;
				GCC_WARN_UNUSED_VARIABLE = YES;
				IPHONEOS_DEPLOYMENT_TARGET = 14.3;
				MTL_ENABLE_DEBUG_INFO = INCLUDE_SOURCE;
				MTL_FAST_MATH = YES;
				ONLY_ACTIVE_ARCH = YES;
				SDKROOT = iphoneos;
				SWIFT_ACTIVE_COMPILATION_CONDITIONS = DEBUG;
				SWIFT_OPTIMIZATION_LEVEL = "-Onone";
			};
			name = Debug;
		};
		703D33B025A16D7900F50421 /* Release */ = {
			isa = XCBuildConfiguration;
			buildSettings = {
				ALWAYS_SEARCH_USER_PATHS = NO;
				CLANG_ANALYZER_NONNULL = YES;
				CLANG_ANALYZER_NUMBER_OBJECT_CONVERSION = YES_AGGRESSIVE;
				CLANG_CXX_LANGUAGE_STANDARD = "gnu++14";
				CLANG_CXX_LIBRARY = "libc++";
				CLANG_ENABLE_MODULES = YES;
				CLANG_ENABLE_OBJC_ARC = YES;
				CLANG_ENABLE_OBJC_WEAK = YES;
				CLANG_WARN_BLOCK_CAPTURE_AUTORELEASING = YES;
				CLANG_WARN_BOOL_CONVERSION = YES;
				CLANG_WARN_COMMA = YES;
				CLANG_WARN_CONSTANT_CONVERSION = YES;
				CLANG_WARN_DEPRECATED_OBJC_IMPLEMENTATIONS = YES;
				CLANG_WARN_DIRECT_OBJC_ISA_USAGE = YES_ERROR;
				CLANG_WARN_DOCUMENTATION_COMMENTS = YES;
				CLANG_WARN_EMPTY_BODY = YES;
				CLANG_WARN_ENUM_CONVERSION = YES;
				CLANG_WARN_INFINITE_RECURSION = YES;
				CLANG_WARN_INT_CONVERSION = YES;
				CLANG_WARN_NON_LITERAL_NULL_CONVERSION = YES;
				CLANG_WARN_OBJC_IMPLICIT_RETAIN_SELF = YES;
				CLANG_WARN_OBJC_LITERAL_CONVERSION = YES;
				CLANG_WARN_OBJC_ROOT_CLASS = YES_ERROR;
				CLANG_WARN_QUOTED_INCLUDE_IN_FRAMEWORK_HEADER = YES;
				CLANG_WARN_RANGE_LOOP_ANALYSIS = YES;
				CLANG_WARN_STRICT_PROTOTYPES = YES;
				CLANG_WARN_SUSPICIOUS_MOVE = YES;
				CLANG_WARN_UNGUARDED_AVAILABILITY = YES_AGGRESSIVE;
				CLANG_WARN_UNREACHABLE_CODE = YES;
				CLANG_WARN__DUPLICATE_METHOD_MATCH = YES;
				COPY_PHASE_STRIP = NO;
				DEBUG_INFORMATION_FORMAT = "dwarf-with-dsym";
				ENABLE_NS_ASSERTIONS = NO;
				ENABLE_STRICT_OBJC_MSGSEND = YES;
				GCC_C_LANGUAGE_STANDARD = gnu11;
				GCC_NO_COMMON_BLOCKS = YES;
				GCC_WARN_64_TO_32_BIT_CONVERSION = YES;
				GCC_WARN_ABOUT_RETURN_TYPE = YES_ERROR;
				GCC_WARN_UNDECLARED_SELECTOR = YES;
				GCC_WARN_UNINITIALIZED_AUTOS = YES_AGGRESSIVE;
				GCC_WARN_UNUSED_FUNCTION = YES;
				GCC_WARN_UNUSED_VARIABLE = YES;
				IPHONEOS_DEPLOYMENT_TARGET = 14.3;
				MTL_ENABLE_DEBUG_INFO = NO;
				MTL_FAST_MATH = YES;
				SDKROOT = iphoneos;
				SWIFT_COMPILATION_MODE = wholemodule;
				SWIFT_OPTIMIZATION_LEVEL = "-O";
				VALIDATE_PRODUCT = YES;
			};
			name = Release;
		};
		703D33B225A16D7900F50421 /* Debug */ = {
			isa = XCBuildConfiguration;
			buildSettings = {
				ASSETCATALOG_COMPILER_APPICON_NAME = AppIcon;
				ASSETCATALOG_COMPILER_GLOBAL_ACCENT_COLOR_NAME = AccentColor;
				CODE_SIGN_STYLE = Automatic;
				INFOPLIST_FILE = MemeMaker/Info.plist;
				LD_RUNPATH_SEARCH_PATHS = (
					"$(inherited)",
					"@executable_path/Frameworks",
				);
				PRODUCT_BUNDLE_IDENTIFIER = YL.MemeMaker;
				PRODUCT_NAME = "$(TARGET_NAME)";
				SWIFT_VERSION = 5.0;
				TARGETED_DEVICE_FAMILY = "1,2";
			};
			name = Debug;
		};
		703D33B325A16D7900F50421 /* Release */ = {
			isa = XCBuildConfiguration;
			buildSettings = {
				ASSETCATALOG_COMPILER_APPICON_NAME = AppIcon;
				ASSETCATALOG_COMPILER_GLOBAL_ACCENT_COLOR_NAME = AccentColor;
				CODE_SIGN_STYLE = Automatic;
				INFOPLIST_FILE = MemeMaker/Info.plist;
				LD_RUNPATH_SEARCH_PATHS = (
					"$(inherited)",
					"@executable_path/Frameworks",
				);
				PRODUCT_BUNDLE_IDENTIFIER = YL.MemeMaker;
				PRODUCT_NAME = "$(TARGET_NAME)";
				SWIFT_VERSION = 5.0;
				TARGETED_DEVICE_FAMILY = "1,2";
			};
			name = Release;
		};
		703D33B525A16D7900F50421 /* Debug */ = {
			isa = XCBuildConfiguration;
			buildSettings = {
				ALWAYS_EMBED_SWIFT_STANDARD_LIBRARIES = YES;
				BUNDLE_LOADER = "$(TEST_HOST)";
				CODE_SIGN_STYLE = Automatic;
				INFOPLIST_FILE = MemeMakerTests/Info.plist;
				IPHONEOS_DEPLOYMENT_TARGET = 14.3;
				LD_RUNPATH_SEARCH_PATHS = (
					"$(inherited)",
					"@executable_path/Frameworks",
					"@loader_path/Frameworks",
				);
				PRODUCT_BUNDLE_IDENTIFIER = YL.MemeMakerTests;
				PRODUCT_NAME = "$(TARGET_NAME)";
				SWIFT_VERSION = 5.0;
				TARGETED_DEVICE_FAMILY = "1,2";
				TEST_HOST = "$(BUILT_PRODUCTS_DIR)/MemeMaker.app/MemeMaker";
			};
			name = Debug;
		};
		703D33B625A16D7900F50421 /* Release */ = {
			isa = XCBuildConfiguration;
			buildSettings = {
				ALWAYS_EMBED_SWIFT_STANDARD_LIBRARIES = YES;
				BUNDLE_LOADER = "$(TEST_HOST)";
				CODE_SIGN_STYLE = Automatic;
				INFOPLIST_FILE = MemeMakerTests/Info.plist;
				IPHONEOS_DEPLOYMENT_TARGET = 14.3;
				LD_RUNPATH_SEARCH_PATHS = (
					"$(inherited)",
					"@executable_path/Frameworks",
					"@loader_path/Frameworks",
				);
				PRODUCT_BUNDLE_IDENTIFIER = YL.MemeMakerTests;
				PRODUCT_NAME = "$(TARGET_NAME)";
				SWIFT_VERSION = 5.0;
				TARGETED_DEVICE_FAMILY = "1,2";
				TEST_HOST = "$(BUILT_PRODUCTS_DIR)/MemeMaker.app/MemeMaker";
			};
			name = Release;
		};
		703D33B825A16D7900F50421 /* Debug */ = {
			isa = XCBuildConfiguration;
			buildSettings = {
				ALWAYS_EMBED_SWIFT_STANDARD_LIBRARIES = YES;
				CODE_SIGN_STYLE = Automatic;
				INFOPLIST_FILE = MemeMakerUITests/Info.plist;
				LD_RUNPATH_SEARCH_PATHS = (
					"$(inherited)",
					"@executable_path/Frameworks",
					"@loader_path/Frameworks",
				);
				PRODUCT_BUNDLE_IDENTIFIER = YL.MemeMakerUITests;
				PRODUCT_NAME = "$(TARGET_NAME)";
				SWIFT_VERSION = 5.0;
				TARGETED_DEVICE_FAMILY = "1,2";
				TEST_TARGET_NAME = MemeMaker;
			};
			name = Debug;
		};
		703D33B925A16D7900F50421 /* Release */ = {
			isa = XCBuildConfiguration;
			buildSettings = {
				ALWAYS_EMBED_SWIFT_STANDARD_LIBRARIES = YES;
				CODE_SIGN_STYLE = Automatic;
				INFOPLIST_FILE = MemeMakerUITests/Info.plist;
				LD_RUNPATH_SEARCH_PATHS = (
					"$(inherited)",
					"@executable_path/Frameworks",
					"@loader_path/Frameworks",
				);
				PRODUCT_BUNDLE_IDENTIFIER = YL.MemeMakerUITests;
				PRODUCT_NAME = "$(TARGET_NAME)";
				SWIFT_VERSION = 5.0;
				TARGETED_DEVICE_FAMILY = "1,2";
				TEST_TARGET_NAME = MemeMaker;
			};
			name = Release;
		};
/* End XCBuildConfiguration section */

/* Begin XCConfigurationList section */
		703D338225A16D7700F50421 /* Build configuration list for PBXProject "MemeMaker" */ = {
			isa = XCConfigurationList;
			buildConfigurations = (
				703D33AF25A16D7900F50421 /* Debug */,
				703D33B025A16D7900F50421 /* Release */,
			);
			defaultConfigurationIsVisible = 0;
			defaultConfigurationName = Release;
		};
		703D33B125A16D7900F50421 /* Build configuration list for PBXNativeTarget "MemeMaker" */ = {
			isa = XCConfigurationList;
			buildConfigurations = (
				703D33B225A16D7900F50421 /* Debug */,
				703D33B325A16D7900F50421 /* Release */,
			);
			defaultConfigurationIsVisible = 0;
			defaultConfigurationName = Release;
		};
		703D33B425A16D7900F50421 /* Build configuration list for PBXNativeTarget "MemeMakerTests" */ = {
			isa = XCConfigurationList;
			buildConfigurations = (
				703D33B525A16D7900F50421 /* Debug */,
				703D33B625A16D7900F50421 /* Release */,
			);
			defaultConfigurationIsVisible = 0;
			defaultConfigurationName = Release;
		};
		703D33B725A16D7900F50421 /* Build configuration list for PBXNativeTarget "MemeMakerUITests" */ = {
			isa = XCConfigurationList;
			buildConfigurations = (
				703D33B825A16D7900F50421 /* Debug */,
				703D33B925A16D7900F50421 /* Release */,
			);
			defaultConfigurationIsVisible = 0;
			defaultConfigurationName = Release;
		};
/* End XCConfigurationList section */
	};
	rootObject = 703D337F25A16D7700F50421 /* Project object */;
}
